// !$*UTF8*$!
{
	archiveVersion = 1;
	classes = {
	};
	objectVersion = 55;
	objects = {

/* Begin PBXBuildFile section */
		270857DE269449E800EB636C /* MenuItemStore.swift in Sources */ = {isa = PBXBuildFile; fileRef = 27952048268B6A2D00492ABF /* MenuItemStore.swift */; };
		272986B92711FDAF00EBCCBF /* OrderedCollections in Frameworks */ = {isa = PBXBuildFile; productRef = 272986B82711FDAF00EBCCBF /* OrderedCollections */; };
		272986BB2711FDCD00EBCCBF /* OrderedCollections in Frameworks */ = {isa = PBXBuildFile; productRef = 272986BA2711FDCD00EBCCBF /* OrderedCollections */; };
		2732A5B427B9558D005DB4A0 /* MenuHelperUITestsLaunchTests.swift in Sources */ = {isa = PBXBuildFile; fileRef = 2732A5B327B9558D005DB4A0 /* MenuHelperUITestsLaunchTests.swift */; };
		27421A97271FCB0E00A0BD28 /* AppCommChannel.swift in Sources */ = {isa = PBXBuildFile; fileRef = 27421A96271FCB0E00A0BD28 /* AppCommChannel.swift */; };
		27421A9A271FCB1A00A0BD28 /* FinderCommChannel.swift in Sources */ = {isa = PBXBuildFile; fileRef = 27421A98271FCB1600A0BD28 /* FinderCommChannel.swift */; };
		27421A9C271FF10400A0BD28 /* StringExtension.swift in Sources */ = {isa = PBXBuildFile; fileRef = 27421A9B271FF10400A0BD28 /* StringExtension.swift */; };
		27421A9D271FF10400A0BD28 /* StringExtension.swift in Sources */ = {isa = PBXBuildFile; fileRef = 27421A9B271FF10400A0BD28 /* StringExtension.swift */; };
		2746558827B903E100DC2F91 /* Store.swift in Sources */ = {isa = PBXBuildFile; fileRef = 2746558727B903E100DC2F91 /* Store.swift */; };
		2746558B27B90A6400DC2F91 /* SupportWindow.swift in Sources */ = {isa = PBXBuildFile; fileRef = 2746558A27B90A6400DC2F91 /* SupportWindow.swift */; };
		2746558F27B90E2F00DC2F91 /* CoffieView.swift in Sources */ = {isa = PBXBuildFile; fileRef = 2746558E27B90E2F00DC2F91 /* CoffieView.swift */; };
		2746559127B90E8C00DC2F91 /* CoffieStoreView.swift in Sources */ = {isa = PBXBuildFile; fileRef = 2746559027B90E8C00DC2F91 /* CoffieStoreView.swift */; };
		2746559327B9319600DC2F91 /* StoreKit.framework in Frameworks */ = {isa = PBXBuildFile; fileRef = 2746559227B9319600DC2F91 /* StoreKit.framework */; };
		2781A6292688A0260042B453 /* MenuHelperApp.swift in Sources */ = {isa = PBXBuildFile; fileRef = 2781A6282688A0260042B453 /* MenuHelperApp.swift */; };
		2781A62B2688A0260042B453 /* ContentView.swift in Sources */ = {isa = PBXBuildFile; fileRef = 2781A62A2688A0260042B453 /* ContentView.swift */; };
		2781A62D2688A0260042B453 /* Assets.xcassets in Resources */ = {isa = PBXBuildFile; fileRef = 2781A62C2688A0260042B453 /* Assets.xcassets */; };
		2781A6302688A0260042B453 /* Preview Assets.xcassets in Resources */ = {isa = PBXBuildFile; fileRef = 2781A62F2688A0260042B453 /* Preview Assets.xcassets */; };
		2781C5932688A4540042B453 /* FinderSync.swift in Sources */ = {isa = PBXBuildFile; fileRef = 2781C5922688A4540042B453 /* FinderSync.swift */; };
		2781C5972688A4540042B453 /* MenuHelperExtension.appex in Embed App Extensions */ = {isa = PBXBuildFile; fileRef = 2781C5902688A4540042B453 /* MenuHelperExtension.appex */; settings = {ATTRIBUTES = (RemoveHeadersOnCopy, ); }; };
		2795203B268B5B7E00492ABF /* SettingView.swift in Sources */ = {isa = PBXBuildFile; fileRef = 2795203A268B5B7E00492ABF /* SettingView.swift */; };
		27952041268B5F0700492ABF /* FolderSettingTab.swift in Sources */ = {isa = PBXBuildFile; fileRef = 27952040268B5F0700492ABF /* FolderSettingTab.swift */; };
		27952043268B5F1100492ABF /* MenuSettingTab.swift in Sources */ = {isa = PBXBuildFile; fileRef = 27952042268B5F1100492ABF /* MenuSettingTab.swift */; };
		27952045268B5F1E00492ABF /* AboutSettingTab.swift in Sources */ = {isa = PBXBuildFile; fileRef = 27952044268B5F1E00492ABF /* AboutSettingTab.swift */; };
		27952049268B6A2D00492ABF /* MenuItemStore.swift in Sources */ = {isa = PBXBuildFile; fileRef = 27952048268B6A2D00492ABF /* MenuItemStore.swift */; };
		279C37652711912F00436979 /* FinderSync+UserDefaults.swift in Sources */ = {isa = PBXBuildFile; fileRef = 279C376427118F2100436979 /* FinderSync+UserDefaults.swift */; };
		279C37672711979600436979 /* GeneralSettingTab.swift in Sources */ = {isa = PBXBuildFile; fileRef = 279C37662711979600436979 /* GeneralSettingTab.swift */; };
		279C37832711BDBF00436979 /* ActionMenuItem.swift in Sources */ = {isa = PBXBuildFile; fileRef = 279C37822711BDBF00436979 /* ActionMenuItem.swift */; };
		279C37842711BDBF00436979 /* ActionMenuItem.swift in Sources */ = {isa = PBXBuildFile; fileRef = 279C37822711BDBF00436979 /* ActionMenuItem.swift */; };
		279C37872711BE6400436979 /* MenuItemClickable.swift in Sources */ = {isa = PBXBuildFile; fileRef = 279C37852711BE6400436979 /* MenuItemClickable.swift */; };
		279C37892711C9CD00436979 /* MenuItem.swift in Sources */ = {isa = PBXBuildFile; fileRef = 279C37882711C9CD00436979 /* MenuItem.swift */; };
		279C378B2711CB0E00436979 /* MenuItem.swift in Sources */ = {isa = PBXBuildFile; fileRef = 279C37882711C9CD00436979 /* MenuItem.swift */; };
		27AC028726896D31000CCE63 /* AppMenuItem.swift in Sources */ = {isa = PBXBuildFile; fileRef = 27AC028626896D31000CCE63 /* AppMenuItem.swift */; };
		27AC028826896D31000CCE63 /* AppMenuItem.swift in Sources */ = {isa = PBXBuildFile; fileRef = 27AC028626896D31000CCE63 /* AppMenuItem.swift */; };
		27AEF644270FEC8B0014739C /* CheckmarkStyle.swift in Sources */ = {isa = PBXBuildFile; fileRef = 27AEF643270FEC8B0014739C /* CheckmarkStyle.swift */; };
		27CA03AB270F53E0007BEC40 /* Preferences in Frameworks */ = {isa = PBXBuildFile; productRef = 27CA03AA270F53E0007BEC40 /* Preferences */; };
		27CC3F2F272038F2000A6005 /* SyncFolderItem.swift in Sources */ = {isa = PBXBuildFile; fileRef = 27CC3F2E272038F2000A6005 /* SyncFolderItem.swift */; };
		27CC3F30272038F2000A6005 /* SyncFolderItem.swift in Sources */ = {isa = PBXBuildFile; fileRef = 27CC3F2E272038F2000A6005 /* SyncFolderItem.swift */; };
		27CC3F3227203924000A6005 /* FolderItem.swift in Sources */ = {isa = PBXBuildFile; fileRef = 27CC3F3127203924000A6005 /* FolderItem.swift */; };
		27CC3F3327203924000A6005 /* FolderItem.swift in Sources */ = {isa = PBXBuildFile; fileRef = 27CC3F3127203924000A6005 /* FolderItem.swift */; };
		27F15ED2271293A00042944A /* Assets.xcassets in Resources */ = {isa = PBXBuildFile; fileRef = 27F15ED1271293A00042944A /* Assets.xcassets */; };
		27F15ED5271298690042944A /* FolderItemStore.swift in Sources */ = {isa = PBXBuildFile; fileRef = 27F15ED3271298650042944A /* FolderItemStore.swift */; };
		27F15ED62712986B0042944A /* FolderItemStore.swift in Sources */ = {isa = PBXBuildFile; fileRef = 27F15ED3271298650042944A /* FolderItemStore.swift */; };
		27F15ED9271299E50042944A /* BookmarkFolderItem.swift in Sources */ = {isa = PBXBuildFile; fileRef = 27F15ED7271299580042944A /* BookmarkFolderItem.swift */; };
		27F15EDA271299E80042944A /* BookmarkFolderItem.swift in Sources */ = {isa = PBXBuildFile; fileRef = 27F15ED7271299580042944A /* BookmarkFolderItem.swift */; };
		AE45812127B7FBD40096404C /* Localizable.strings in Resources */ = {isa = PBXBuildFile; fileRef = AE45811F27B7FBD40096404C /* Localizable.strings */; };
		AE45812427B7FBD40096404C /* MenuHelper-InfoPlist.strings in Resources */ = {isa = PBXBuildFile; fileRef = AE45812227B7FBD40096404C /* MenuHelper-InfoPlist.strings */; };
		AE45812727B7FBD40096404C /* InfoPlist.strings in Resources */ = {isa = PBXBuildFile; fileRef = AE45812527B7FBD40096404C /* InfoPlist.strings */; };
		AE45812C27B811BA0096404C /* Localizable.strings in Resources */ = {isa = PBXBuildFile; fileRef = AE45812A27B811BA0096404C /* Localizable.strings */; };
		AE92166727B4EA1800471742 /* AcknowledgementsWindow.swift in Sources */ = {isa = PBXBuildFile; fileRef = AE92166627B4EA1800471742 /* AcknowledgementsWindow.swift */; };
		AE94CFBB27EA06C300A5B87D /* AppMenuItemEditor.swift in Sources */ = {isa = PBXBuildFile; fileRef = AE94CFBA27EA06C300A5B87D /* AppMenuItemEditor.swift */; };
/* End PBXBuildFile section */

/* Begin PBXContainerItemProxy section */
		2732A5B527B9558D005DB4A0 /* PBXContainerItemProxy */ = {
			isa = PBXContainerItemProxy;
			containerPortal = 2781A61D2688A0260042B453 /* Project object */;
			proxyType = 1;
			remoteGlobalIDString = 2781A6242688A0260042B453;
			remoteInfo = MenuHelper;
		};
		2781C5952688A4540042B453 /* PBXContainerItemProxy */ = {
			isa = PBXContainerItemProxy;
			containerPortal = 2781A61D2688A0260042B453 /* Project object */;
			proxyType = 1;
			remoteGlobalIDString = 2781C58F2688A4540042B453;
			remoteInfo = FinderMenu;
		};
/* End PBXContainerItemProxy section */

/* Begin PBXCopyFilesBuildPhase section */
		27421AC12720083800A0BD28 /* Embed XPC Services */ = {
			isa = PBXCopyFilesBuildPhase;
			buildActionMask = 2147483647;
			dstPath = "$(CONTENTS_FOLDER_PATH)/XPCServices";
			dstSubfolderSpec = 16;
			files = (
			);
			name = "Embed XPC Services";
			runOnlyForDeploymentPostprocessing = 0;
		};
		2781C5982688A4540042B453 /* Embed App Extensions */ = {
			isa = PBXCopyFilesBuildPhase;
			buildActionMask = 2147483647;
			dstPath = "";
			dstSubfolderSpec = 13;
			files = (
				2781C5972688A4540042B453 /* MenuHelperExtension.appex in Embed App Extensions */,
			);
			name = "Embed App Extensions";
			runOnlyForDeploymentPostprocessing = 0;
		};
/* End PBXCopyFilesBuildPhase section */

/* Begin PBXFileReference section */
		2732A5AF27B9558D005DB4A0 /* MenuHelperUITests.xctest */ = {isa = PBXFileReference; explicitFileType = wrapper.cfbundle; includeInIndex = 0; path = MenuHelperUITests.xctest; sourceTree = BUILT_PRODUCTS_DIR; };
		2732A5B327B9558D005DB4A0 /* MenuHelperUITestsLaunchTests.swift */ = {isa = PBXFileReference; lastKnownFileType = sourcecode.swift; path = MenuHelperUITestsLaunchTests.swift; sourceTree = "<group>"; };
		2732A5BA27B955B9005DB4A0 /* TestPlan.xctestplan */ = {isa = PBXFileReference; lastKnownFileType = text; path = TestPlan.xctestplan; sourceTree = "<group>"; };
		2732A5BB27B95B37005DB4A0 /* en */ = {isa = PBXFileReference; lastKnownFileType = text.plist.strings; name = en; path = en.lproj/Localizable.strings; sourceTree = "<group>"; };
		2732A5BC27B95B6D005DB4A0 /* en */ = {isa = PBXFileReference; lastKnownFileType = text.plist.strings; name = en; path = "en.lproj/MenuHelper-InfoPlist.strings"; sourceTree = "<group>"; };
		2732A5BD27B95B95005DB4A0 /* en */ = {isa = PBXFileReference; lastKnownFileType = text.plist.strings; name = en; path = en.lproj/Localizable.strings; sourceTree = "<group>"; };
		27421A96271FCB0E00A0BD28 /* AppCommChannel.swift */ = {isa = PBXFileReference; lastKnownFileType = sourcecode.swift; path = AppCommChannel.swift; sourceTree = "<group>"; };
		27421A98271FCB1600A0BD28 /* FinderCommChannel.swift */ = {isa = PBXFileReference; lastKnownFileType = sourcecode.swift; path = FinderCommChannel.swift; sourceTree = "<group>"; };
		27421A9B271FF10400A0BD28 /* StringExtension.swift */ = {isa = PBXFileReference; lastKnownFileType = sourcecode.swift; path = StringExtension.swift; sourceTree = "<group>"; };
		2746558627B8BA3500DC2F91 /* Products.storekit */ = {isa = PBXFileReference; lastKnownFileType = text; path = Products.storekit; sourceTree = "<group>"; };
		2746558727B903E100DC2F91 /* Store.swift */ = {isa = PBXFileReference; lastKnownFileType = sourcecode.swift; path = Store.swift; sourceTree = "<group>"; };
		2746558A27B90A6400DC2F91 /* SupportWindow.swift */ = {isa = PBXFileReference; lastKnownFileType = sourcecode.swift; path = SupportWindow.swift; sourceTree = "<group>"; };
		2746558E27B90E2F00DC2F91 /* CoffieView.swift */ = {isa = PBXFileReference; lastKnownFileType = sourcecode.swift; path = CoffieView.swift; sourceTree = "<group>"; };
		2746559027B90E8C00DC2F91 /* CoffieStoreView.swift */ = {isa = PBXFileReference; lastKnownFileType = sourcecode.swift; path = CoffieStoreView.swift; sourceTree = "<group>"; };
		2746559227B9319600DC2F91 /* StoreKit.framework */ = {isa = PBXFileReference; lastKnownFileType = wrapper.framework; name = StoreKit.framework; path = System/Library/Frameworks/StoreKit.framework; sourceTree = SDKROOT; };
		2746559727B946A900DC2F91 /* MenuHelper-Info.plist */ = {isa = PBXFileReference; fileEncoding = 4; lastKnownFileType = text.plist.xml; path = "MenuHelper-Info.plist"; sourceTree = "<group>"; };
		2781A6252688A0260042B453 /* MenuHelper.app */ = {isa = PBXFileReference; explicitFileType = wrapper.application; includeInIndex = 0; path = MenuHelper.app; sourceTree = BUILT_PRODUCTS_DIR; };
		2781A6282688A0260042B453 /* MenuHelperApp.swift */ = {isa = PBXFileReference; lastKnownFileType = sourcecode.swift; path = MenuHelperApp.swift; sourceTree = "<group>"; };
		2781A62A2688A0260042B453 /* ContentView.swift */ = {isa = PBXFileReference; lastKnownFileType = sourcecode.swift; path = ContentView.swift; sourceTree = "<group>"; };
		2781A62C2688A0260042B453 /* Assets.xcassets */ = {isa = PBXFileReference; lastKnownFileType = folder.assetcatalog; path = Assets.xcassets; sourceTree = "<group>"; };
		2781A62F2688A0260042B453 /* Preview Assets.xcassets */ = {isa = PBXFileReference; lastKnownFileType = folder.assetcatalog; path = "Preview Assets.xcassets"; sourceTree = "<group>"; };
		2781C5902688A4540042B453 /* MenuHelperExtension.appex */ = {isa = PBXFileReference; explicitFileType = "wrapper.app-extension"; includeInIndex = 0; path = MenuHelperExtension.appex; sourceTree = BUILT_PRODUCTS_DIR; };
		2781C5922688A4540042B453 /* FinderSync.swift */ = {isa = PBXFileReference; lastKnownFileType = sourcecode.swift; path = FinderSync.swift; sourceTree = "<group>"; };
		2781C5942688A4540042B453 /* Info.plist */ = {isa = PBXFileReference; lastKnownFileType = text.plist.xml; path = Info.plist; sourceTree = "<group>"; };
		2795203A268B5B7E00492ABF /* SettingView.swift */ = {isa = PBXFileReference; lastKnownFileType = sourcecode.swift; path = SettingView.swift; sourceTree = "<group>"; };
		27952040268B5F0700492ABF /* FolderSettingTab.swift */ = {isa = PBXFileReference; lastKnownFileType = sourcecode.swift; path = FolderSettingTab.swift; sourceTree = "<group>"; };
		27952042268B5F1100492ABF /* MenuSettingTab.swift */ = {isa = PBXFileReference; lastKnownFileType = sourcecode.swift; path = MenuSettingTab.swift; sourceTree = "<group>"; };
		27952044268B5F1E00492ABF /* AboutSettingTab.swift */ = {isa = PBXFileReference; lastKnownFileType = sourcecode.swift; path = AboutSettingTab.swift; sourceTree = "<group>"; };
		27952048268B6A2D00492ABF /* MenuItemStore.swift */ = {isa = PBXFileReference; lastKnownFileType = sourcecode.swift; path = MenuItemStore.swift; sourceTree = "<group>"; };
		279C376427118F2100436979 /* FinderSync+UserDefaults.swift */ = {isa = PBXFileReference; lastKnownFileType = sourcecode.swift; path = "FinderSync+UserDefaults.swift"; sourceTree = "<group>"; };
		279C37662711979600436979 /* GeneralSettingTab.swift */ = {isa = PBXFileReference; lastKnownFileType = sourcecode.swift; path = GeneralSettingTab.swift; sourceTree = "<group>"; };
		279C37822711BDBF00436979 /* ActionMenuItem.swift */ = {isa = PBXFileReference; lastKnownFileType = sourcecode.swift; path = ActionMenuItem.swift; sourceTree = "<group>"; };
		279C37852711BE6400436979 /* MenuItemClickable.swift */ = {isa = PBXFileReference; lastKnownFileType = sourcecode.swift; path = MenuItemClickable.swift; sourceTree = "<group>"; };
		279C37882711C9CD00436979 /* MenuItem.swift */ = {isa = PBXFileReference; lastKnownFileType = sourcecode.swift; path = MenuItem.swift; sourceTree = "<group>"; };
		27AC028626896D31000CCE63 /* AppMenuItem.swift */ = {isa = PBXFileReference; lastKnownFileType = sourcecode.swift; path = AppMenuItem.swift; sourceTree = "<group>"; };
		27AEF643270FEC8B0014739C /* CheckmarkStyle.swift */ = {isa = PBXFileReference; lastKnownFileType = sourcecode.swift; path = CheckmarkStyle.swift; sourceTree = "<group>"; };
		27C5B8192688D24B00AFCF9D /* MenuHelper.entitlements */ = {isa = PBXFileReference; lastKnownFileType = text.plist.entitlements; path = MenuHelper.entitlements; sourceTree = "<group>"; };
		27CC3F2E272038F2000A6005 /* SyncFolderItem.swift */ = {isa = PBXFileReference; lastKnownFileType = sourcecode.swift; path = SyncFolderItem.swift; sourceTree = "<group>"; };
		27CC3F3127203924000A6005 /* FolderItem.swift */ = {isa = PBXFileReference; lastKnownFileType = sourcecode.swift; path = FolderItem.swift; sourceTree = "<group>"; };
		27F15ED1271293A00042944A /* Assets.xcassets */ = {isa = PBXFileReference; lastKnownFileType = folder.assetcatalog; path = Assets.xcassets; sourceTree = "<group>"; };
		27F15ED3271298650042944A /* FolderItemStore.swift */ = {isa = PBXFileReference; lastKnownFileType = sourcecode.swift; path = FolderItemStore.swift; sourceTree = "<group>"; };
		27F15ED7271299580042944A /* BookmarkFolderItem.swift */ = {isa = PBXFileReference; lastKnownFileType = sourcecode.swift; path = BookmarkFolderItem.swift; sourceTree = "<group>"; };
		AE45812027B7FBD40096404C /* zh-Hans */ = {isa = PBXFileReference; lastKnownFileType = text.plist.strings; name = "zh-Hans"; path = "zh-Hans.lproj/Localizable.strings"; sourceTree = "<group>"; };
		AE45812327B7FBD40096404C /* zh-Hans */ = {isa = PBXFileReference; lastKnownFileType = text.plist.strings; name = "zh-Hans"; path = "zh-Hans.lproj/MenuHelper-InfoPlist.strings"; sourceTree = "<group>"; };
		AE45812627B7FBD40096404C /* zh-Hans */ = {isa = PBXFileReference; lastKnownFileType = text.plist.strings; name = "zh-Hans"; path = "zh-Hans.lproj/InfoPlist.strings"; sourceTree = "<group>"; };
		AE45812927B80F7C0096404C /* en */ = {isa = PBXFileReference; lastKnownFileType = text.plist.strings; name = en; path = en.lproj/InfoPlist.strings; sourceTree = "<group>"; };
		AE45812B27B811BA0096404C /* zh-Hans */ = {isa = PBXFileReference; lastKnownFileType = text.plist.strings; name = "zh-Hans"; path = "zh-Hans.lproj/Localizable.strings"; sourceTree = "<group>"; };
		AE92166627B4EA1800471742 /* AcknowledgementsWindow.swift */ = {isa = PBXFileReference; fileEncoding = 4; lastKnownFileType = sourcecode.swift; path = AcknowledgementsWindow.swift; sourceTree = "<group>"; };
		AE94CFBA27EA06C300A5B87D /* AppMenuItemEditor.swift */ = {isa = PBXFileReference; lastKnownFileType = sourcecode.swift; path = AppMenuItemEditor.swift; sourceTree = "<group>"; };
		AEA24CF127B4F8F700F155DA /* MenuHelperExtension.entitlements */ = {isa = PBXFileReference; fileEncoding = 4; lastKnownFileType = text.plist.entitlements; path = MenuHelperExtension.entitlements; sourceTree = "<group>"; };
/* End PBXFileReference section */

/* Begin PBXFrameworksBuildPhase section */
		2732A5AC27B9558D005DB4A0 /* Frameworks */ = {
			isa = PBXFrameworksBuildPhase;
			buildActionMask = 2147483647;
			files = (
			);
			runOnlyForDeploymentPostprocessing = 0;
		};
		2781A6222688A0260042B453 /* Frameworks */ = {
			isa = PBXFrameworksBuildPhase;
			buildActionMask = 2147483647;
			files = (
				2746559327B9319600DC2F91 /* StoreKit.framework in Frameworks */,
				272986B92711FDAF00EBCCBF /* OrderedCollections in Frameworks */,
				27CA03AB270F53E0007BEC40 /* Preferences in Frameworks */,
			);
			runOnlyForDeploymentPostprocessing = 0;
		};
		2781C58D2688A4540042B453 /* Frameworks */ = {
			isa = PBXFrameworksBuildPhase;
			buildActionMask = 2147483647;
			files = (
				272986BB2711FDCD00EBCCBF /* OrderedCollections in Frameworks */,
			);
			runOnlyForDeploymentPostprocessing = 0;
		};
/* End PBXFrameworksBuildPhase section */

/* Begin PBXGroup section */
		2732A5B027B9558D005DB4A0 /* MenuHelperUITests */ = {
			isa = PBXGroup;
			children = (
				2732A5B327B9558D005DB4A0 /* MenuHelperUITestsLaunchTests.swift */,
				2732A5BA27B955B9005DB4A0 /* TestPlan.xctestplan */,
			);
			path = MenuHelperUITests;
			sourceTree = "<group>";
		};
		27421A92271FCA9600A0BD28 /* Shared */ = {
			isa = PBXGroup;
			children = (
				27421A9B271FF10400A0BD28 /* StringExtension.swift */,
				27421A93271FCABF00A0BD28 /* Channel */,
				27952047268B6A1200492ABF /* ViewModel */,
				27952046268B6A0C00492ABF /* Model */,
			);
			path = Shared;
			sourceTree = "<group>";
		};
		27421A93271FCABF00A0BD28 /* Channel */ = {
			isa = PBXGroup;
			children = (
				27421A96271FCB0E00A0BD28 /* AppCommChannel.swift */,
				27421A98271FCB1600A0BD28 /* FinderCommChannel.swift */,
			);
			path = Channel;
			sourceTree = "<group>";
		};
		2746558527B8BA1700DC2F91 /* Store */ = {
			isa = PBXGroup;
			children = (
				2746558627B8BA3500DC2F91 /* Products.storekit */,
				2746558727B903E100DC2F91 /* Store.swift */,
				2746559027B90E8C00DC2F91 /* CoffieStoreView.swift */,
				2746558E27B90E2F00DC2F91 /* CoffieView.swift */,
			);
			path = Store;
			sourceTree = "<group>";
		};
		2746558927B90A0A00DC2F91 /* Windows */ = {
			isa = PBXGroup;
			children = (
				AE92166627B4EA1800471742 /* AcknowledgementsWindow.swift */,
				2746558A27B90A6400DC2F91 /* SupportWindow.swift */,
			);
			path = Windows;
			sourceTree = "<group>";
		};
		276EF6472688C25F0046FE54 /* Frameworks */ = {
			isa = PBXGroup;
			children = (
				2746559227B9319600DC2F91 /* StoreKit.framework */,
			);
			name = Frameworks;
			sourceTree = "<group>";
		};
		2781A61C2688A0260042B453 = {
			isa = PBXGroup;
			children = (
				2746559727B946A900DC2F91 /* MenuHelper-Info.plist */,
				AE45812227B7FBD40096404C /* MenuHelper-InfoPlist.strings */,
				AE45811F27B7FBD40096404C /* Localizable.strings */,
				27421A92271FCA9600A0BD28 /* Shared */,
				2781A6272688A0260042B453 /* MenuHelper */,
				2781C5912688A4540042B453 /* MenuHelperExtension */,
				2732A5B027B9558D005DB4A0 /* MenuHelperUITests */,
				2781A6262688A0260042B453 /* Products */,
				276EF6472688C25F0046FE54 /* Frameworks */,
			);
			sourceTree = "<group>";
		};
		2781A6262688A0260042B453 /* Products */ = {
			isa = PBXGroup;
			children = (
				2781A6252688A0260042B453 /* MenuHelper.app */,
				2781C5902688A4540042B453 /* MenuHelperExtension.appex */,
				2732A5AF27B9558D005DB4A0 /* MenuHelperUITests.xctest */,
			);
			name = Products;
			sourceTree = "<group>";
		};
		2781A6272688A0260042B453 /* MenuHelper */ = {
			isa = PBXGroup;
			children = (
				27C5B8192688D24B00AFCF9D /* MenuHelper.entitlements */,
				2781A6282688A0260042B453 /* MenuHelperApp.swift */,
				2781A62A2688A0260042B453 /* ContentView.swift */,
				2746558927B90A0A00DC2F91 /* Windows */,
				2795203D268B5C2A00492ABF /* View */,
				2746558527B8BA1700DC2F91 /* Store */,
				2781A62C2688A0260042B453 /* Assets.xcassets */,
				2781A62E2688A0260042B453 /* Preview Content */,
			);
			path = MenuHelper;
			sourceTree = "<group>";
		};
		2781A62E2688A0260042B453 /* Preview Content */ = {
			isa = PBXGroup;
			children = (
				2781A62F2688A0260042B453 /* Preview Assets.xcassets */,
			);
			path = "Preview Content";
			sourceTree = "<group>";
		};
		2781C5912688A4540042B453 /* MenuHelperExtension */ = {
			isa = PBXGroup;
			children = (
				AEA24CF127B4F8F700F155DA /* MenuHelperExtension.entitlements */,
				2781C5922688A4540042B453 /* FinderSync.swift */,
				279C37852711BE6400436979 /* MenuItemClickable.swift */,
				279C376427118F2100436979 /* FinderSync+UserDefaults.swift */,
				2781C5942688A4540042B453 /* Info.plist */,
				AE45812A27B811BA0096404C /* Localizable.strings */,
				AE45812527B7FBD40096404C /* InfoPlist.strings */,
				27F15ED1271293A00042944A /* Assets.xcassets */,
			);
			path = MenuHelperExtension;
			sourceTree = "<group>";
		};
		2795203C268B5C1D00492ABF /* SettingView */ = {
			isa = PBXGroup;
			children = (
				2795203A268B5B7E00492ABF /* SettingView.swift */,
				279C37662711979600436979 /* GeneralSettingTab.swift */,
				27952042268B5F1100492ABF /* MenuSettingTab.swift */,
				27952040268B5F0700492ABF /* FolderSettingTab.swift */,
				27952044268B5F1E00492ABF /* AboutSettingTab.swift */,
			);
			path = SettingView;
			sourceTree = "<group>";
		};
		2795203D268B5C2A00492ABF /* View */ = {
			isa = PBXGroup;
			children = (
				AE94CFB927EA06B500A5B87D /* Editor */,
				2795203C268B5C1D00492ABF /* SettingView */,
				27AEF643270FEC8B0014739C /* CheckmarkStyle.swift */,
			);
			path = View;
			sourceTree = "<group>";
		};
		27952046268B6A0C00492ABF /* Model */ = {
			isa = PBXGroup;
			children = (
				279C37882711C9CD00436979 /* MenuItem.swift */,
				27AC028626896D31000CCE63 /* AppMenuItem.swift */,
				279C37822711BDBF00436979 /* ActionMenuItem.swift */,
				27CC3F3127203924000A6005 /* FolderItem.swift */,
				27F15ED7271299580042944A /* BookmarkFolderItem.swift */,
				27CC3F2E272038F2000A6005 /* SyncFolderItem.swift */,
			);
			path = Model;
			sourceTree = "<group>";
		};
		27952047268B6A1200492ABF /* ViewModel */ = {
			isa = PBXGroup;
			children = (
				27952048268B6A2D00492ABF /* MenuItemStore.swift */,
				27F15ED3271298650042944A /* FolderItemStore.swift */,
			);
			path = ViewModel;
			sourceTree = "<group>";
		};
		AE94CFB927EA06B500A5B87D /* Editor */ = {
			isa = PBXGroup;
			children = (
				AE94CFBA27EA06C300A5B87D /* AppMenuItemEditor.swift */,
			);
			path = Editor;
			sourceTree = "<group>";
		};
/* End PBXGroup section */

/* Begin PBXNativeTarget section */
		2732A5AE27B9558D005DB4A0 /* MenuHelperUITests */ = {
			isa = PBXNativeTarget;
			buildConfigurationList = 2732A5B927B9558D005DB4A0 /* Build configuration list for PBXNativeTarget "MenuHelperUITests" */;
			buildPhases = (
				2732A5AB27B9558D005DB4A0 /* Sources */,
				2732A5AC27B9558D005DB4A0 /* Frameworks */,
				2732A5AD27B9558D005DB4A0 /* Resources */,
			);
			buildRules = (
			);
			dependencies = (
				2732A5B627B9558D005DB4A0 /* PBXTargetDependency */,
			);
			name = MenuHelperUITests;
			productName = MenuHelperUITests;
			productReference = 2732A5AF27B9558D005DB4A0 /* MenuHelperUITests.xctest */;
			productType = "com.apple.product-type.bundle.ui-testing";
		};
		2781A6242688A0260042B453 /* MenuHelper */ = {
			isa = PBXNativeTarget;
			buildConfigurationList = 2781A6332688A0260042B453 /* Build configuration list for PBXNativeTarget "MenuHelper" */;
			buildPhases = (
				2781A6212688A0260042B453 /* Sources */,
				2781A6222688A0260042B453 /* Frameworks */,
				2781A6232688A0260042B453 /* Resources */,
				2781C5982688A4540042B453 /* Embed App Extensions */,
				27421AC12720083800A0BD28 /* Embed XPC Services */,
			);
			buildRules = (
			);
			dependencies = (
				2781C5962688A4540042B453 /* PBXTargetDependency */,
			);
			name = MenuHelper;
			packageProductDependencies = (
				27CA03AA270F53E0007BEC40 /* Preferences */,
				272986B82711FDAF00EBCCBF /* OrderedCollections */,
			);
			productName = FinderHelper;
			productReference = 2781A6252688A0260042B453 /* MenuHelper.app */;
			productType = "com.apple.product-type.application";
		};
		2781C58F2688A4540042B453 /* MenuHelperExtension */ = {
			isa = PBXNativeTarget;
			buildConfigurationList = 2781C59B2688A4540042B453 /* Build configuration list for PBXNativeTarget "MenuHelperExtension" */;
			buildPhases = (
				2781C58C2688A4540042B453 /* Sources */,
				2781C58D2688A4540042B453 /* Frameworks */,
				2781C58E2688A4540042B453 /* Resources */,
			);
			buildRules = (
			);
			dependencies = (
			);
			name = MenuHelperExtension;
			packageProductDependencies = (
				272986BA2711FDCD00EBCCBF /* OrderedCollections */,
			);
			productName = FinderMenu;
			productReference = 2781C5902688A4540042B453 /* MenuHelperExtension.appex */;
			productType = "com.apple.product-type.app-extension";
		};
/* End PBXNativeTarget section */

/* Begin PBXProject section */
		2781A61D2688A0260042B453 /* Project object */ = {
			isa = PBXProject;
			attributes = {
				BuildIndependentTargetsInParallel = 1;
				LastSwiftUpdateCheck = 1320;
				LastUpgradeCheck = 1320;
				TargetAttributes = {
					2732A5AE27B9558D005DB4A0 = {
						CreatedOnToolsVersion = 13.2.1;
						TestTargetID = 2781A6242688A0260042B453;
					};
					2781A6242688A0260042B453 = {
						CreatedOnToolsVersion = 13.0;
					};
					2781C58F2688A4540042B453 = {
						CreatedOnToolsVersion = 13.0;
					};
				};
			};
			buildConfigurationList = 2781A6202688A0260042B453 /* Build configuration list for PBXProject "MenuHelper" */;
			compatibilityVersion = "Xcode 13.0";
			developmentRegion = en;
			hasScannedForEncodings = 0;
			knownRegions = (
				en,
				"zh-Hans",
				Base,
			);
			mainGroup = 2781A61C2688A0260042B453;
			packageReferences = (
				27CA03A9270F53E0007BEC40 /* XCRemoteSwiftPackageReference "Preferences" */,
				272986B72711FDAF00EBCCBF /* XCRemoteSwiftPackageReference "swift-collections" */,
			);
			productRefGroup = 2781A6262688A0260042B453 /* Products */;
			projectDirPath = "";
			projectRoot = "";
			targets = (
				2781A6242688A0260042B453 /* MenuHelper */,
				2781C58F2688A4540042B453 /* MenuHelperExtension */,
				2732A5AE27B9558D005DB4A0 /* MenuHelperUITests */,
			);
		};
/* End PBXProject section */

/* Begin PBXResourcesBuildPhase section */
		2732A5AD27B9558D005DB4A0 /* Resources */ = {
			isa = PBXResourcesBuildPhase;
			buildActionMask = 2147483647;
			files = (
			);
			runOnlyForDeploymentPostprocessing = 0;
		};
		2781A6232688A0260042B453 /* Resources */ = {
			isa = PBXResourcesBuildPhase;
			buildActionMask = 2147483647;
			files = (
				2781A6302688A0260042B453 /* Preview Assets.xcassets in Resources */,
				AE45812127B7FBD40096404C /* Localizable.strings in Resources */,
				AE45812427B7FBD40096404C /* MenuHelper-InfoPlist.strings in Resources */,
				2781A62D2688A0260042B453 /* Assets.xcassets in Resources */,
			);
			runOnlyForDeploymentPostprocessing = 0;
		};
		2781C58E2688A4540042B453 /* Resources */ = {
			isa = PBXResourcesBuildPhase;
			buildActionMask = 2147483647;
			files = (
				27F15ED2271293A00042944A /* Assets.xcassets in Resources */,
				AE45812C27B811BA0096404C /* Localizable.strings in Resources */,
				AE45812727B7FBD40096404C /* InfoPlist.strings in Resources */,
			);
			runOnlyForDeploymentPostprocessing = 0;
		};
/* End PBXResourcesBuildPhase section */

/* Begin PBXSourcesBuildPhase section */
		2732A5AB27B9558D005DB4A0 /* Sources */ = {
			isa = PBXSourcesBuildPhase;
			buildActionMask = 2147483647;
			files = (
				2732A5B427B9558D005DB4A0 /* MenuHelperUITestsLaunchTests.swift in Sources */,
			);
			runOnlyForDeploymentPostprocessing = 0;
		};
		2781A6212688A0260042B453 /* Sources */ = {
			isa = PBXSourcesBuildPhase;
			buildActionMask = 2147483647;
			files = (
				27421A97271FCB0E00A0BD28 /* AppCommChannel.swift in Sources */,
				27952045268B5F1E00492ABF /* AboutSettingTab.swift in Sources */,
				AE92166727B4EA1800471742 /* AcknowledgementsWindow.swift in Sources */,
				279C37672711979600436979 /* GeneralSettingTab.swift in Sources */,
				27952043268B5F1100492ABF /* MenuSettingTab.swift in Sources */,
				27CC3F2F272038F2000A6005 /* SyncFolderItem.swift in Sources */,
				27421A9C271FF10400A0BD28 /* StringExtension.swift in Sources */,
				2746558B27B90A6400DC2F91 /* SupportWindow.swift in Sources */,
				27952041268B5F0700492ABF /* FolderSettingTab.swift in Sources */,
				27F15ED5271298690042944A /* FolderItemStore.swift in Sources */,
				2746558F27B90E2F00DC2F91 /* CoffieView.swift in Sources */,
				2781A62B2688A0260042B453 /* ContentView.swift in Sources */,
				279C37892711C9CD00436979 /* MenuItem.swift in Sources */,
				279C37832711BDBF00436979 /* ActionMenuItem.swift in Sources */,
				AE94CFBB27EA06C300A5B87D /* AppMenuItemEditor.swift in Sources */,
				27F15ED9271299E50042944A /* BookmarkFolderItem.swift in Sources */,
				27CC3F3227203924000A6005 /* FolderItem.swift in Sources */,
				2746559127B90E8C00DC2F91 /* CoffieStoreView.swift in Sources */,
				27952049268B6A2D00492ABF /* MenuItemStore.swift in Sources */,
				2746558827B903E100DC2F91 /* Store.swift in Sources */,
				2795203B268B5B7E00492ABF /* SettingView.swift in Sources */,
				2781A6292688A0260042B453 /* MenuHelperApp.swift in Sources */,
				27AC028726896D31000CCE63 /* AppMenuItem.swift in Sources */,
				27AEF644270FEC8B0014739C /* CheckmarkStyle.swift in Sources */,
			);
			runOnlyForDeploymentPostprocessing = 0;
		};
		2781C58C2688A4540042B453 /* Sources */ = {
			isa = PBXSourcesBuildPhase;
			buildActionMask = 2147483647;
			files = (
				279C378B2711CB0E00436979 /* MenuItem.swift in Sources */,
				2781C5932688A4540042B453 /* FinderSync.swift in Sources */,
				279C37842711BDBF00436979 /* ActionMenuItem.swift in Sources */,
				27CC3F30272038F2000A6005 /* SyncFolderItem.swift in Sources */,
				27F15EDA271299E80042944A /* BookmarkFolderItem.swift in Sources */,
				27AC028826896D31000CCE63 /* AppMenuItem.swift in Sources */,
				27CC3F3327203924000A6005 /* FolderItem.swift in Sources */,
				279C37872711BE6400436979 /* MenuItemClickable.swift in Sources */,
				27F15ED62712986B0042944A /* FolderItemStore.swift in Sources */,
				270857DE269449E800EB636C /* MenuItemStore.swift in Sources */,
				279C37652711912F00436979 /* FinderSync+UserDefaults.swift in Sources */,
				27421A9D271FF10400A0BD28 /* StringExtension.swift in Sources */,
				27421A9A271FCB1A00A0BD28 /* FinderCommChannel.swift in Sources */,
			);
			runOnlyForDeploymentPostprocessing = 0;
		};
/* End PBXSourcesBuildPhase section */

/* Begin PBXTargetDependency section */
		2732A5B627B9558D005DB4A0 /* PBXTargetDependency */ = {
			isa = PBXTargetDependency;
			target = 2781A6242688A0260042B453 /* MenuHelper */;
			targetProxy = 2732A5B527B9558D005DB4A0 /* PBXContainerItemProxy */;
		};
		2781C5962688A4540042B453 /* PBXTargetDependency */ = {
			isa = PBXTargetDependency;
			target = 2781C58F2688A4540042B453 /* MenuHelperExtension */;
			targetProxy = 2781C5952688A4540042B453 /* PBXContainerItemProxy */;
		};
/* End PBXTargetDependency section */

/* Begin PBXVariantGroup section */
		AE45811F27B7FBD40096404C /* Localizable.strings */ = {
			isa = PBXVariantGroup;
			children = (
				AE45812027B7FBD40096404C /* zh-Hans */,
				2732A5BB27B95B37005DB4A0 /* en */,
			);
			name = Localizable.strings;
			sourceTree = "<group>";
		};
		AE45812227B7FBD40096404C /* MenuHelper-InfoPlist.strings */ = {
			isa = PBXVariantGroup;
			children = (
				AE45812327B7FBD40096404C /* zh-Hans */,
				2732A5BC27B95B6D005DB4A0 /* en */,
			);
			name = "MenuHelper-InfoPlist.strings";
			sourceTree = "<group>";
		};
		AE45812527B7FBD40096404C /* InfoPlist.strings */ = {
			isa = PBXVariantGroup;
			children = (
				AE45812627B7FBD40096404C /* zh-Hans */,
				AE45812927B80F7C0096404C /* en */,
			);
			name = InfoPlist.strings;
			sourceTree = "<group>";
		};
		AE45812A27B811BA0096404C /* Localizable.strings */ = {
			isa = PBXVariantGroup;
			children = (
				AE45812B27B811BA0096404C /* zh-Hans */,
				2732A5BD27B95B95005DB4A0 /* en */,
			);
			name = Localizable.strings;
			sourceTree = "<group>";
		};
/* End PBXVariantGroup section */

/* Begin XCBuildConfiguration section */
		2732A5B727B9558D005DB4A0 /* Debug */ = {
			isa = XCBuildConfiguration;
			buildSettings = {
				CLANG_CXX_LANGUAGE_STANDARD = "gnu++17";
				CODE_SIGN_STYLE = Automatic;
				CURRENT_PROJECT_VERSION = 1;
				DEVELOPMENT_TEAM = VB7MJ8R223;
				GENERATE_INFOPLIST_FILE = YES;
				MACOSX_DEPLOYMENT_TARGET = 12.1;
				MARKETING_VERSION = 1.0;
				PRODUCT_BUNDLE_IDENTIFIER = top.kyleye.MenuHelperUITests;
				PRODUCT_NAME = "$(TARGET_NAME)";
				SWIFT_EMIT_LOC_STRINGS = NO;
				SWIFT_VERSION = 5.0;
				TEST_TARGET_NAME = MenuHelper;
			};
			name = Debug;
		};
		2732A5B827B9558D005DB4A0 /* Release */ = {
			isa = XCBuildConfiguration;
			buildSettings = {
				CLANG_CXX_LANGUAGE_STANDARD = "gnu++17";
				CODE_SIGN_STYLE = Automatic;
				CURRENT_PROJECT_VERSION = 1;
				DEVELOPMENT_TEAM = VB7MJ8R223;
				GENERATE_INFOPLIST_FILE = YES;
				MACOSX_DEPLOYMENT_TARGET = 12.1;
				MARKETING_VERSION = 1.0;
				PRODUCT_BUNDLE_IDENTIFIER = top.kyleye.MenuHelperUITests;
				PRODUCT_NAME = "$(TARGET_NAME)";
				SWIFT_EMIT_LOC_STRINGS = NO;
				SWIFT_VERSION = 5.0;
				TEST_TARGET_NAME = MenuHelper;
			};
			name = Release;
		};
		2781A6312688A0260042B453 /* Debug */ = {
			isa = XCBuildConfiguration;
			buildSettings = {
				ALWAYS_SEARCH_USER_PATHS = NO;
				CLANG_ANALYZER_LOCALIZABILITY_NONLOCALIZED = YES;
				CLANG_ANALYZER_NONNULL = YES;
				CLANG_ANALYZER_NUMBER_OBJECT_CONVERSION = YES_AGGRESSIVE;
				CLANG_CXX_LANGUAGE_STANDARD = "gnu++14";
				CLANG_CXX_LIBRARY = "libc++";
				CLANG_ENABLE_MODULES = YES;
				CLANG_ENABLE_OBJC_ARC = YES;
				CLANG_ENABLE_OBJC_WEAK = YES;
				CLANG_WARN_BLOCK_CAPTURE_AUTORELEASING = YES;
				CLANG_WARN_BOOL_CONVERSION = YES;
				CLANG_WARN_COMMA = YES;
				CLANG_WARN_CONSTANT_CONVERSION = YES;
				CLANG_WARN_DEPRECATED_OBJC_IMPLEMENTATIONS = YES;
				CLANG_WARN_DIRECT_OBJC_ISA_USAGE = YES_ERROR;
				CLANG_WARN_DOCUMENTATION_COMMENTS = YES;
				CLANG_WARN_EMPTY_BODY = YES;
				CLANG_WARN_ENUM_CONVERSION = YES;
				CLANG_WARN_INFINITE_RECURSION = YES;
				CLANG_WARN_INT_CONVERSION = YES;
				CLANG_WARN_NON_LITERAL_NULL_CONVERSION = YES;
				CLANG_WARN_OBJC_IMPLICIT_RETAIN_SELF = YES;
				CLANG_WARN_OBJC_LITERAL_CONVERSION = YES;
				CLANG_WARN_OBJC_ROOT_CLASS = YES_ERROR;
				CLANG_WARN_QUOTED_INCLUDE_IN_FRAMEWORK_HEADER = YES;
				CLANG_WARN_RANGE_LOOP_ANALYSIS = YES;
				CLANG_WARN_STRICT_PROTOTYPES = YES;
				CLANG_WARN_SUSPICIOUS_MOVE = YES;
				CLANG_WARN_UNGUARDED_AVAILABILITY = YES_AGGRESSIVE;
				CLANG_WARN_UNREACHABLE_CODE = YES;
				CLANG_WARN__DUPLICATE_METHOD_MATCH = YES;
				COPY_PHASE_STRIP = NO;
				DEBUG_INFORMATION_FORMAT = dwarf;
				ENABLE_STRICT_OBJC_MSGSEND = YES;
				ENABLE_TESTABILITY = YES;
				GCC_C_LANGUAGE_STANDARD = gnu11;
				GCC_DYNAMIC_NO_PIC = NO;
				GCC_NO_COMMON_BLOCKS = YES;
				GCC_OPTIMIZATION_LEVEL = 0;
				GCC_PREPROCESSOR_DEFINITIONS = (
					"DEBUG=1",
					"$(inherited)",
				);
				GCC_WARN_64_TO_32_BIT_CONVERSION = YES;
				GCC_WARN_ABOUT_RETURN_TYPE = YES_ERROR;
				GCC_WARN_UNDECLARED_SELECTOR = YES;
				GCC_WARN_UNINITIALIZED_AUTOS = YES_AGGRESSIVE;
				GCC_WARN_UNUSED_FUNCTION = YES;
				GCC_WARN_UNUSED_VARIABLE = YES;
				MACOSX_DEPLOYMENT_TARGET = 12.0;
				MTL_ENABLE_DEBUG_INFO = INCLUDE_SOURCE;
				MTL_FAST_MATH = YES;
				ONLY_ACTIVE_ARCH = YES;
				SDKROOT = macosx;
				SWIFT_ACTIVE_COMPILATION_CONDITIONS = DEBUG;
				SWIFT_OPTIMIZATION_LEVEL = "-Onone";
			};
			name = Debug;
		};
		2781A6322688A0260042B453 /* Release */ = {
			isa = XCBuildConfiguration;
			buildSettings = {
				ALWAYS_SEARCH_USER_PATHS = NO;
				CLANG_ANALYZER_LOCALIZABILITY_NONLOCALIZED = YES;
				CLANG_ANALYZER_NONNULL = YES;
				CLANG_ANALYZER_NUMBER_OBJECT_CONVERSION = YES_AGGRESSIVE;
				CLANG_CXX_LANGUAGE_STANDARD = "gnu++14";
				CLANG_CXX_LIBRARY = "libc++";
				CLANG_ENABLE_MODULES = YES;
				CLANG_ENABLE_OBJC_ARC = YES;
				CLANG_ENABLE_OBJC_WEAK = YES;
				CLANG_WARN_BLOCK_CAPTURE_AUTORELEASING = YES;
				CLANG_WARN_BOOL_CONVERSION = YES;
				CLANG_WARN_COMMA = YES;
				CLANG_WARN_CONSTANT_CONVERSION = YES;
				CLANG_WARN_DEPRECATED_OBJC_IMPLEMENTATIONS = YES;
				CLANG_WARN_DIRECT_OBJC_ISA_USAGE = YES_ERROR;
				CLANG_WARN_DOCUMENTATION_COMMENTS = YES;
				CLANG_WARN_EMPTY_BODY = YES;
				CLANG_WARN_ENUM_CONVERSION = YES;
				CLANG_WARN_INFINITE_RECURSION = YES;
				CLANG_WARN_INT_CONVERSION = YES;
				CLANG_WARN_NON_LITERAL_NULL_CONVERSION = YES;
				CLANG_WARN_OBJC_IMPLICIT_RETAIN_SELF = YES;
				CLANG_WARN_OBJC_LITERAL_CONVERSION = YES;
				CLANG_WARN_OBJC_ROOT_CLASS = YES_ERROR;
				CLANG_WARN_QUOTED_INCLUDE_IN_FRAMEWORK_HEADER = YES;
				CLANG_WARN_RANGE_LOOP_ANALYSIS = YES;
				CLANG_WARN_STRICT_PROTOTYPES = YES;
				CLANG_WARN_SUSPICIOUS_MOVE = YES;
				CLANG_WARN_UNGUARDED_AVAILABILITY = YES_AGGRESSIVE;
				CLANG_WARN_UNREACHABLE_CODE = YES;
				CLANG_WARN__DUPLICATE_METHOD_MATCH = YES;
				COPY_PHASE_STRIP = NO;
				DEBUG_INFORMATION_FORMAT = "dwarf-with-dsym";
				ENABLE_NS_ASSERTIONS = NO;
				ENABLE_STRICT_OBJC_MSGSEND = YES;
				GCC_C_LANGUAGE_STANDARD = gnu11;
				GCC_NO_COMMON_BLOCKS = YES;
				GCC_WARN_64_TO_32_BIT_CONVERSION = YES;
				GCC_WARN_ABOUT_RETURN_TYPE = YES_ERROR;
				GCC_WARN_UNDECLARED_SELECTOR = YES;
				GCC_WARN_UNINITIALIZED_AUTOS = YES_AGGRESSIVE;
				GCC_WARN_UNUSED_FUNCTION = YES;
				GCC_WARN_UNUSED_VARIABLE = YES;
				MACOSX_DEPLOYMENT_TARGET = 12.0;
				MTL_ENABLE_DEBUG_INFO = NO;
				MTL_FAST_MATH = YES;
				SDKROOT = macosx;
				SWIFT_COMPILATION_MODE = wholemodule;
				SWIFT_OPTIMIZATION_LEVEL = "-O";
			};
			name = Release;
		};
		2781A6342688A0260042B453 /* Debug */ = {
			isa = XCBuildConfiguration;
			buildSettings = {
				ALWAYS_EMBED_SWIFT_STANDARD_LIBRARIES = YES;
				ASSETCATALOG_COMPILER_APPICON_NAME = AppIcon;
				ASSETCATALOG_COMPILER_GLOBAL_ACCENT_COLOR_NAME = AccentColor;
				CODE_SIGN_ENTITLEMENTS = MenuHelper/MenuHelper.entitlements;
				CODE_SIGN_IDENTITY = "Apple Development";
				CODE_SIGN_STYLE = Automatic;
				COMBINE_HIDPI_IMAGES = YES;
				CURRENT_PROJECT_VERSION = 1;
				DEVELOPMENT_ASSET_PATHS = "\"MenuHelper/Preview Content\"";
				DEVELOPMENT_TEAM = VB7MJ8R223;
				ENABLE_APP_SANDBOX = YES;
				ENABLE_HARDENED_RUNTIME = YES;
				ENABLE_PREVIEWS = YES;
				ENABLE_USER_SELECTED_FILES = "";
				GENERATE_INFOPLIST_FILE = YES;
				INFOPLIST_FILE = "MenuHelper-Info.plist";
				INFOPLIST_KEY_CFBundleDisplayName = "$(PRODUCT_NAME)";
				INFOPLIST_KEY_LSApplicationCategoryType = "public.app-category.developer-tools";
				INFOPLIST_KEY_NSHumanReadableCopyright = "Copyright ©️ 2022 YEXULEI. All rights reserved";
				LD_RUNPATH_SEARCH_PATHS = (
					"$(inherited)",
					"@executable_path/../Frameworks",
				);
				MACOSX_DEPLOYMENT_TARGET = 12.0;
				MARKETING_VERSION = 1.2.1;
				PRODUCT_BUNDLE_IDENTIFIER = top.kyleye.MenuHelper;
				PRODUCT_NAME = "$(TARGET_NAME)";
				SWIFT_EMIT_LOC_STRINGS = YES;
				SWIFT_VERSION = 5.0;
			};
			name = Debug;
		};
		2781A6352688A0260042B453 /* Release */ = {
			isa = XCBuildConfiguration;
			buildSettings = {
				ALWAYS_EMBED_SWIFT_STANDARD_LIBRARIES = YES;
				ASSETCATALOG_COMPILER_APPICON_NAME = AppIcon;
				ASSETCATALOG_COMPILER_GLOBAL_ACCENT_COLOR_NAME = AccentColor;
				CODE_SIGN_ENTITLEMENTS = MenuHelper/MenuHelper.entitlements;
				CODE_SIGN_IDENTITY = "Apple Development";
				CODE_SIGN_STYLE = Automatic;
				COMBINE_HIDPI_IMAGES = YES;
				CURRENT_PROJECT_VERSION = 1;
				DEVELOPMENT_ASSET_PATHS = "\"MenuHelper/Preview Content\"";
				DEVELOPMENT_TEAM = VB7MJ8R223;
				ENABLE_APP_SANDBOX = YES;
				ENABLE_HARDENED_RUNTIME = YES;
				ENABLE_PREVIEWS = YES;
				ENABLE_USER_SELECTED_FILES = "";
				GENERATE_INFOPLIST_FILE = YES;
				INFOPLIST_FILE = "MenuHelper-Info.plist";
				INFOPLIST_KEY_CFBundleDisplayName = "$(PRODUCT_NAME)";
				INFOPLIST_KEY_LSApplicationCategoryType = "public.app-category.developer-tools";
				INFOPLIST_KEY_NSHumanReadableCopyright = "Copyright ©️ 2022 YEXULEI. All rights reserved";
				LD_RUNPATH_SEARCH_PATHS = (
					"$(inherited)",
					"@executable_path/../Frameworks",
				);
				MACOSX_DEPLOYMENT_TARGET = 12.0;
				MARKETING_VERSION = 1.2.1;
				PRODUCT_BUNDLE_IDENTIFIER = top.kyleye.MenuHelper;
				PRODUCT_NAME = "$(TARGET_NAME)";
				SWIFT_EMIT_LOC_STRINGS = YES;
				SWIFT_VERSION = 5.0;
			};
			name = Release;
		};
		2781C5992688A4540042B453 /* Debug */ = {
			isa = XCBuildConfiguration;
			buildSettings = {
				CODE_SIGN_ENTITLEMENTS = MenuHelperExtension/MenuHelperExtension.entitlements;
				CODE_SIGN_IDENTITY = "Apple Development";
				CODE_SIGN_STYLE = Automatic;
				COMBINE_HIDPI_IMAGES = YES;
				CURRENT_PROJECT_VERSION = 1;
				DEVELOPMENT_TEAM = VB7MJ8R223;
				ENABLE_APP_SANDBOX = YES;
				ENABLE_HARDENED_RUNTIME = YES;
				ENABLE_USER_SELECTED_FILES = readwrite;
				GENERATE_INFOPLIST_FILE = YES;
				INFOPLIST_FILE = MenuHelperExtension/Info.plist;
				INFOPLIST_KEY_CFBundleDisplayName = MenuHelperExtension;
				INFOPLIST_KEY_NSHumanReadableCopyright = "Copyright ©️ 2022 YEXULEI. All rights reserved";
				LD_RUNPATH_SEARCH_PATHS = (
					"$(inherited)",
					"@executable_path/../Frameworks",
					"@executable_path/../../../../Frameworks",
				);
				MARKETING_VERSION = 1.2.1;
				PRODUCT_BUNDLE_IDENTIFIER = top.kyleye.MenuHelper.MenuHelperExtension;
				PRODUCT_NAME = "$(TARGET_NAME)";
				SKIP_INSTALL = YES;
				SWIFT_EMIT_LOC_STRINGS = YES;
				SWIFT_VERSION = 5.0;
			};
			name = Debug;
		};
		2781C59A2688A4540042B453 /* Release */ = {
			isa = XCBuildConfiguration;
			buildSettings = {
				CODE_SIGN_ENTITLEMENTS = MenuHelperExtension/MenuHelperExtension.entitlements;
				CODE_SIGN_IDENTITY = "Apple Development";
				CODE_SIGN_STYLE = Automatic;
				COMBINE_HIDPI_IMAGES = YES;
				CURRENT_PROJECT_VERSION = 1;
				DEVELOPMENT_TEAM = VB7MJ8R223;
				ENABLE_APP_SANDBOX = YES;
				ENABLE_HARDENED_RUNTIME = YES;
				ENABLE_USER_SELECTED_FILES = readwrite;
				GENERATE_INFOPLIST_FILE = YES;
				INFOPLIST_FILE = MenuHelperExtension/Info.plist;
				INFOPLIST_KEY_CFBundleDisplayName = MenuHelperExtension;
				INFOPLIST_KEY_NSHumanReadableCopyright = "Copyright ©️ 2022 YEXULEI. All rights reserved";
				LD_RUNPATH_SEARCH_PATHS = (
					"$(inherited)",
					"@executable_path/../Frameworks",
					"@executable_path/../../../../Frameworks",
				);
				MARKETING_VERSION = 1.2.1;
				PRODUCT_BUNDLE_IDENTIFIER = top.kyleye.MenuHelper.MenuHelperExtension;
				PRODUCT_NAME = "$(TARGET_NAME)";
				SKIP_INSTALL = YES;
				SWIFT_EMIT_LOC_STRINGS = YES;
				SWIFT_VERSION = 5.0;
			};
			name = Release;
		};
/* End XCBuildConfiguration section */

/* Begin XCConfigurationList section */
		2732A5B927B9558D005DB4A0 /* Build configuration list for PBXNativeTarget "MenuHelperUITests" */ = {
			isa = XCConfigurationList;
			buildConfigurations = (
				2732A5B727B9558D005DB4A0 /* Debug */,
				2732A5B827B9558D005DB4A0 /* Release */,
			);
			defaultConfigurationIsVisible = 0;
			defaultConfigurationName = Release;
		};
		2781A6202688A0260042B453 /* Build configuration list for PBXProject "MenuHelper" */ = {
			isa = XCConfigurationList;
			buildConfigurations = (
				2781A6312688A0260042B453 /* Debug */,
				2781A6322688A0260042B453 /* Release */,
			);
			defaultConfigurationIsVisible = 0;
			defaultConfigurationName = Release;
		};
		2781A6332688A0260042B453 /* Build configuration list for PBXNativeTarget "MenuHelper" */ = {
			isa = XCConfigurationList;
			buildConfigurations = (
				2781A6342688A0260042B453 /* Debug */,
				2781A6352688A0260042B453 /* Release */,
			);
			defaultConfigurationIsVisible = 0;
			defaultConfigurationName = Release;
		};
		2781C59B2688A4540042B453 /* Build configuration list for PBXNativeTarget "MenuHelperExtension" */ = {
			isa = XCConfigurationList;
			buildConfigurations = (
				2781C5992688A4540042B453 /* Debug */,
				2781C59A2688A4540042B453 /* Release */,
			);
			defaultConfigurationIsVisible = 0;
			defaultConfigurationName = Release;
		};
/* End XCConfigurationList section */

/* Begin XCRemoteSwiftPackageReference section */
		272986B72711FDAF00EBCCBF /* XCRemoteSwiftPackageReference "swift-collections" */ = {
			isa = XCRemoteSwiftPackageReference;
			repositoryURL = "https://github.com/apple/swift-collections.git";
			requirement = {
				kind = upToNextMajorVersion;
				minimumVersion = 1.0.0;
			};
		};
		27CA03A9270F53E0007BEC40 /* XCRemoteSwiftPackageReference "Preferences" */ = {
			isa = XCRemoteSwiftPackageReference;
			repositoryURL = "https://github.com/sindresorhus/Preferences.git";
			requirement = {
				kind = upToNextMajorVersion;
				minimumVersion = 2.0.0;
			};
		};
/* End XCRemoteSwiftPackageReference section */

/* Begin XCSwiftPackageProductDependency section */
		272986B82711FDAF00EBCCBF /* OrderedCollections */ = {
			isa = XCSwiftPackageProductDependency;
			package = 272986B72711FDAF00EBCCBF /* XCRemoteSwiftPackageReference "swift-collections" */;
			productName = OrderedCollections;
		};
		272986BA2711FDCD00EBCCBF /* OrderedCollections */ = {
			isa = XCSwiftPackageProductDependency;
			package = 272986B72711FDAF00EBCCBF /* XCRemoteSwiftPackageReference "swift-collections" */;
			productName = OrderedCollections;
		};
		27CA03AA270F53E0007BEC40 /* Preferences */ = {
			isa = XCSwiftPackageProductDependency;
			package = 27CA03A9270F53E0007BEC40 /* XCRemoteSwiftPackageReference "Preferences" */;
			productName = Preferences;
		};
/* End XCSwiftPackageProductDependency section */
	};
	rootObject = 2781A61D2688A0260042B453 /* Project object */;
}
