{
  "pins" : [
    {
      "identity" : "acknowkit",
      "kind" : "remoteSourceControl",
      "location" : "https://github.com/Kyle-Ye/AcknowKit.git",
      "state" : {
        "revision" : "f4b73e729fc51d53c2046ad89e3ac78560ea46f8",
        "version" : "0.0.4"
      }
    },
    {
      "identity" : "settings",
      "kind" : "remoteSourceControl",
      "location" : "https://github.com/sindresorhus/Settings.git",
      "state" : {
        "revision" : "c677bea28d92684911f93530d0b5f4c40eea743b",
        "version" : "3.0.5"
      }
    },
    {
      "identity" : "swift-collections",
      "kind" : "remoteSourceControl",
      "location" : "https://github.com/apple/swift-collections.git",
      "state" : {
        "revision" : "a902f1823a7ff3c9ab2fba0f992396b948eda307",
        "version" : "1.0.5"
      }
    }
  ],
  "version" : 2
}
